
Microsoft Visual Studio Solution File, Format Version 12.00
# Visual Studio Version 17
VisualStudioVersion = 17.9.34723.18
MinimumVisualStudioVersion = 10.0.40219.1
Project("{888888A0-9F3D-457C-B088-3A5042F75D52}") = "Тема 4 Phyton 1 Метод Гаусса", "Тема 4 Phyton 1 Метод Гаусса\Тема 4 Phyton 1 Метод Гаусса.pyproj", "{9AAD22B3-A43A-4DC5-8A92-E8E960FD0629}"
EndProject
Global
	GlobalSection(SolutionConfigurationPlatforms) = preSolution
		Debug|Any CPU = Debug|Any CPU
		Release|Any CPU = Release|Any CPU
	EndGlobalSection
	GlobalSection(ProjectConfigurationPlatforms) = postSolution
		{9AAD22B3-A43A-4DC5-8A92-E8E960FD0629}.Debug|Any CPU.ActiveCfg = Debug|Any CPU
		{9AAD22B3-A43A-4DC5-8A92-E8E960FD0629}.Release|Any CPU.ActiveCfg = Release|Any CPU
	EndGlobalSection
	GlobalSection(SolutionProperties) = preSolution
		HideSolutionNode = FALSE
	EndGlobalSection
	GlobalSection(ExtensibilityGlobals) = postSolution
		SolutionGuid = {CBB5E35A-2D21-4C70-B6DC-759060C586F3}
	EndGlobalSection
EndGlobal
